// !$*UTF8*$!
{
	archiveVersion = 1;
	classes = {
	};
	objectVersion = 77;
	objects = {

/* Begin PBXBuildFile section */
		DB3A923F2F9EE6DA00F9B729 /* FirebaseCore in Frameworks */ = {isa = PBXBuildFile; productRef = AB0000022F9EE18E00F9B729 /* FirebaseCore */; };
		DB3A92402F9EE6DA00F9B729 /* FirebaseAuth in Frameworks */ = {isa = PBXBuildFile; productRef = AB0000032F9EE18E00F9B729 /* FirebaseAuth */; };
/* End PBXBuildFile section */

/* Begin PBXContainerItemProxy section */
		DB3A91592F9EE18F00F9B729 /* PBXContainerItemProxy */ = {
			isa = PBXContainerItemProxy;
			containerPortal = DB3A91412F9EE18E00F9B729 /* Project object */;
			proxyType = 1;
			remoteGlobalIDString = DB3A91482F9EE18E00F9B729;
			remoteInfo = Outbound;
		};
		DB3A91632F9EE18F00F9B729 /* PBXContainerItemProxy */ = {
			isa = PBXContainerItemProxy;
			containerPortal = DB3A91412F9EE18E00F9B729 /* Project object */;
			proxyType = 1;
			remoteGlobalIDString = DB3A91482F9EE18E00F9B729;
			remoteInfo = Outbound;
		};
/* End PBXContainerItemProxy section */

/* Begin PBXFileReference section */
		DB3A91492F9EE18E00F9B729 /* Outbound.app */ = {isa = PBXFileReference; explicitFileType = wrapper.application; includeInIndex = 0; path = Outbound.app; sourceTree = BUILT_PRODUCTS_DIR; };
		DB3A91582F9EE18F00F9B729 /* OutboundTests.xctest */ = {isa = PBXFileReference; explicitFileType = wrapper.cfbundle; includeInIndex = 0; path = OutboundTests.xctest; sourceTree = BUILT_PRODUCTS_DIR; };
		DB3A91622F9EE18F00F9B729 /* OutboundUITests.xctest */ = {isa = PBXFileReference; explicitFileType = wrapper.cfbundle; includeInIndex = 0; path = OutboundUITests.xctest; sourceTree = BUILT_PRODUCTS_DIR; };
/* End PBXFileReference section */

/* Begin PBXFileSystemSynchronizedRootGroup section */
		DB3A914B2F9EE18E00F9B729 /* Outbound */ = {
			isa = PBXFileSystemSynchronizedRootGroup;
			path = Outbound;
			sourceTree = "<group>";
		};
		DB3A915B2F9EE18F00F9B729 /* OutboundTests */ = {
			isa = PBXFileSystemSynchronizedRootGroup;
			path = OutboundTests;
			sourceTree = "<group>";
		};
		DB3A91652F9EE18F00F9B729 /* OutboundUITests */ = {
			isa = PBXFileSystemSynchronizedRootGroup;
			path = OutboundUITests;
			sourceTree = "<group>";
		};
/* End PBXFileSystemSynchronizedRootGroup section */

/* Begin PBXFrameworksBuildPhase section */
		DB3A91462F9EE18E00F9B729 /* Frameworks */ = {
			isa = PBXFrameworksBuildPhase;
			buildActionMask = 2147483647;
			files = (
				DB3A92402F9EE6DA00F9B729 /* FirebaseAuth in Frameworks */,
				DB3A923F2F9EE6DA00F9B729 /* FirebaseCore in Frameworks */,
			);
			runOnlyForDeploymentPostprocessing = 0;
		};
		DB3A91552F9EE18F00F9B729 /* Frameworks */ = {
			isa = PBXFrameworksBuildPhase;
			buildActionMask = 2147483647;
			files = (
			);
			runOnlyForDeploymentPostprocessing = 0;
		};
		DB3A915F2F9EE18F00F9B729 /* Frameworks */ = {
			isa = PBXFrameworksBuildPhase;
			buildActionMask = 2147483647;
			files = (
			);
			runOnlyForDeploymentPostprocessing = 0;
		};
/* End PBXFrameworksBuildPhase section */

/* Begin PBXGroup section */
		DB3A91402F9EE18E00F9B729 = {
			isa = PBXGroup;
			children = (
				DB3A914B2F9EE18E00F9B729 /* Outbound */,
				DB3A915B2F9EE18F00F9B729 /* OutboundTests */,
				DB3A91652F9EE18F00F9B729 /* OutboundUITests */,
				DB3A914A2F9EE18E00F9B729 /* Products */,
			);
			sourceTree = "<group>";
		};
		DB3A914A2F9EE18E00F9B729 /* Products */ = {
			isa = PBXGroup;
			children = (
				DB3A91492F9EE18E00F9B729 /* Outbound.app */,
				DB3A91582F9EE18F00F9B729 /* OutboundTests.xctest */,
				DB3A91622F9EE18F00F9B729 /* OutboundUITests.xctest */,
			);
			name = Products;
			sourceTree = "<group>";
		};
/* End PBXGroup section */

/* Begin PBXNativeTarget section */
		DB3A91482F9EE18E00F9B729 /* Outbound */ = {
			isa = PBXNativeTarget;
			buildConfigurationList = DB3A916C2F9EE18F00F9B729 /* Build configuration list for PBXNativeTarget "Outbound" */;
			buildPhases = (
				DB3A91452F9EE18E00F9B729 /* Sources */,
				DB3A91462F9EE18E00F9B729 /* Frameworks */,
				DB3A91472F9EE18E00F9B729 /* Resources */,
			);
			buildRules = (
			);
			dependencies = (
			);
			fileSystemSynchronizedGroups = (
				DB3A914B2F9EE18E00F9B729 /* Outbound */,
			);
			name = Outbound;
			packageProductDependencies = (
				AB0000022F9EE18E00F9B729 /* FirebaseCore */,
				AB0000032F9EE18E00F9B729 /* FirebaseAuth */,
			);
			productName = Outbound;
			productReference = DB3A91492F9EE18E00F9B729 /* Outbound.app */;
			productType = "com.apple.product-type.application";
		};
		DB3A91572F9EE18F00F9B729 /* OutboundTests */ = {
			isa = PBXNativeTarget;
			buildConfigurationList = DB3A916F2F9EE18F00F9B729 /* Build configuration list for PBXNativeTarget "OutboundTests" */;
			buildPhases = (
				DB3A91542F9EE18F00F9B729 /* Sources */,
				DB3A91552F9EE18F00F9B729 /* Frameworks */,
				DB3A91562F9EE18F00F9B729 /* Resources */,
			);
			buildRules = (
			);
			dependencies = (
				DB3A915A2F9EE18F00F9B729 /* PBXTargetDependency */,
			);
			fileSystemSynchronizedGroups = (
				DB3A915B2F9EE18F00F9B729 /* OutboundTests */,
			);
			name = OutboundTests;
			packageProductDependencies = (
			);
			productName = OutboundTests;
			productReference = DB3A91582F9EE18F00F9B729 /* OutboundTests.xctest */;
			productType = "com.apple.product-type.bundle.unit-test";
		};
		DB3A91612F9EE18F00F9B729 /* OutboundUITests */ = {
			isa = PBXNativeTarget;
			buildConfigurationList = DB3A91722F9EE18F00F9B729 /* Build configuration list for PBXNativeTarget "OutboundUITests" */;
			buildPhases = (
				DB3A915E2F9EE18F00F9B729 /* Sources */,
				DB3A915F2F9EE18F00F9B729 /* Frameworks */,
				DB3A91602F9EE18F00F9B729 /* Resources */,
			);
			buildRules = (
			);
			dependencies = (
				DB3A91642F9EE18F00F9B729 /* PBXTargetDependency */,
			);
			fileSystemSynchronizedGroups = (
				DB3A91652F9EE18F00F9B729 /* OutboundUITests */,
			);
			name = OutboundUITests;
			packageProductDependencies = (
			);
			productName = OutboundUITests;
			productReference = DB3A91622F9EE18F00F9B729 /* OutboundUITests.xctest */;
			productType = "com.apple.product-type.bundle.ui-testing";
		};
/* End PBXNativeTarget section */

/* Begin PBXProject section */
		DB3A91412F9EE18E00F9B729 /* Project object */ = {
			isa = PBXProject;
			attributes = {
				BuildIndependentTargetsInParallel = 1;
				LastSwiftUpdateCheck = 2620;
				LastUpgradeCheck = 2620;
				TargetAttributes = {
					DB3A91482F9EE18E00F9B729 = {
						CreatedOnToolsVersion = 26.2;
					};
					DB3A91572F9EE18F00F9B729 = {
						CreatedOnToolsVersion = 26.2;
						TestTargetID = DB3A91482F9EE18E00F9B729;
					};
					DB3A91612F9EE18F00F9B729 = {
						CreatedOnToolsVersion = 26.2;
						TestTargetID = DB3A91482F9EE18E00F9B729;
					};
				};
			};
			buildConfigurationList = DB3A91442F9EE18E00F9B729 /* Build configuration list for PBXProject "Outbound" */;
			developmentRegion = en;
			hasScannedForEncodings = 0;
			knownRegions = (
				en,
				Base,
			);
			mainGroup = DB3A91402F9EE18E00F9B729;
			minimizedProjectReferenceProxies = 1;
			packageReferences = (
				AB0000012F9EE18E00F9B729 /* XCRemoteSwiftPackageReference "firebase-ios-sdk" */,
			);
			preferredProjectObjectVersion = 77;
			productRefGroup = DB3A914A2F9EE18E00F9B729 /* Products */;
			projectDirPath = "";
			projectRoot = "";
			targets = (
				DB3A91482F9EE18E00F9B729 /* Outbound */,
				DB3A91572F9EE18F00F9B729 /* OutboundTests */,
				DB3A91612F9EE18F00F9B729 /* OutboundUITests */,
			);
		};
/* End PBXProject section */

/* Begin PBXResourcesBuildPhase section */
		DB3A91472F9EE18E00F9B729 /* Resources */ = {
			isa = PBXResourcesBuildPhase;
			buildActionMask = 2147483647;
			files = (
			);
			runOnlyForDeploymentPostprocessing = 0;
		};
		DB3A91562F9EE18F00F9B729 /* Resources */ = {
			isa = PBXResourcesBuildPhase;
			buildActionMask = 2147483647;
			files = (
			);
			runOnlyForDeploymentPostprocessing = 0;
		};
		DB3A91602F9EE18F00F9B729 /* Resources */ = {
			isa = PBXResourcesBuildPhase;
			buildActionMask = 2147483647;
			files = (
			);
			runOnlyForDeploymentPostprocessing = 0;
		};
/* End PBXResourcesBuildPhase section */

/* Begin PBXSourcesBuildPhase section */
		DB3A91452F9EE18E00F9B729 /* Sources */ = {
			isa = PBXSourcesBuildPhase;
			buildActionMask = 2147483647;
			files = (
			);
			runOnlyForDeploymentPostprocessing = 0;
		};
		DB3A91542F9EE18F00F9B729 /* Sources */ = {
			isa = PBXSourcesBuildPhase;
			buildActionMask = 2147483647;
			files = (
			);
			runOnlyForDeploymentPostprocessing = 0;
		};
		DB3A915E2F9EE18F00F9B729 /* Sources */ = {
			isa = PBXSourcesBuildPhase;
			buildActionMask = 2147483647;
			files = (
			);
			runOnlyForDeploymentPostprocessing = 0;
		};
/* End PBXSourcesBuildPhase section */

/* Begin PBXTargetDependency section */
		DB3A915A2F9EE18F00F9B729 /* PBXTargetDependency */ = {
			isa = PBXTargetDependency;
			target = DB3A91482F9EE18E00F9B729 /* Outbound */;
			targetProxy = DB3A91592F9EE18F00F9B729 /* PBXContainerItemProxy */;
		};
		DB3A91642F9EE18F00F9B729 /* PBXTargetDependency */ = {
			isa = PBXTargetDependency;
			target = DB3A91482F9EE18E00F9B729 /* Outbound */;
			targetProxy = DB3A91632F9EE18F00F9B729 /* PBXContainerItemProxy */;
		};
/* End PBXTargetDependency section */

/* Begin XCBuildConfiguration section */
		DB3A916A2F9EE18F00F9B729 /* Debug */ = {
			isa = XCBuildConfiguration;
			buildSettings = {
				ALWAYS_SEARCH_USER_PATHS = NO;
				ASSETCATALOG_COMPILER_GENERATE_SWIFT_ASSET_SYMBOL_EXTENSIONS = YES;
				CLANG_ANALYZER_NONNULL = YES;
				CLANG_ANALYZER_NUMBER_OBJECT_CONVERSION = YES_AGGRESSIVE;
				CLANG_CXX_LANGUAGE_STANDARD = "gnu++20";
				CLANG_ENABLE_MODULES = YES;
				CLANG_ENABLE_OBJC_ARC = YES;
				CLANG_ENABLE_OBJC_WEAK = YES;
				CLANG_WARN_BLOCK_CAPTURE_AUTORELEASING = YES;
				CLANG_WARN_BOOL_CONVERSION = YES;
				CLANG_WARN_COMMA = YES;
				CLANG_WARN_CONSTANT_CONVERSION = YES;
				CLANG_WARN_DEPRECATED_OBJC_IMPLEMENTATIONS = YES;
				CLANG_WARN_DIRECT_OBJC_ISA_USAGE = YES_ERROR;
				CLANG_WARN_DOCUMENTATION_COMMENTS = YES;
				CLANG_WARN_EMPTY_BODY = YES;
				CLANG_WARN_ENUM_CONVERSION = YES;
				CLANG_WARN_INFINITE_RECURSION = YES;
				CLANG_WARN_INT_CONVERSION = YES;
				CLANG_WARN_NON_LITERAL_NULL_CONVERSION = YES;
				CLANG_WARN_OBJC_IMPLICIT_RETAIN_SELF = YES;
				CLANG_WARN_OBJC_LITERAL_CONVERSION = YES;
				CLANG_WARN_OBJC_ROOT_CLASS = YES_ERROR;
				CLANG_WARN_QUOTED_INCLUDE_IN_FRAMEWORK_HEADER = YES;
				CLANG_WARN_RANGE_LOOP_ANALYSIS = YES;
				CLANG_WARN_STRICT_PROTOTYPES = YES;
				CLANG_WARN_SUSPICIOUS_MOVE = YES;
				CLANG_WARN_UNGUARDED_AVAILABILITY = YES_AGGRESSIVE;
				CLANG_WARN_UNREACHABLE_CODE = YES;
				CLANG_WARN__DUPLICATE_METHOD_MATCH = YES;
				COPY_PHASE_STRIP = NO;
				DEBUG_INFORMATION_FORMAT = dwarf;
				DEVELOPMENT_TEAM = JGNGM4YRX5;
				ENABLE_STRICT_OBJC_MSGSEND = YES;
				ENABLE_TESTABILITY = YES;
				ENABLE_USER_SCRIPT_SANDBOXING = YES;
				GCC_C_LANGUAGE_STANDARD = gnu17;
				GCC_DYNAMIC_NO_PIC = NO;
				GCC_NO_COMMON_BLOCKS = YES;
				GCC_OPTIMIZATION_LEVEL = 0;
				GCC_PREPROCESSOR_DEFINITIONS = (
					"DEBUG=1",
					"$(inherited)",
				);
				GCC_WARN_64_TO_32_BIT_CONVERSION = YES;
				GCC_WARN_ABOUT_RETURN_TYPE = YES_ERROR;
				GCC_WARN_UNDECLARED_SELECTOR = YES;
				GCC_WARN_UNINITIALIZED_AUTOS = YES_AGGRESSIVE;
				GCC_WARN_UNUSED_FUNCTION = YES;
				GCC_WARN_UNUSED_VARIABLE = YES;
				IPHONEOS_DEPLOYMENT_TARGET = 26.2;
				LOCALIZATION_PREFERS_STRING_CATALOGS = YES;
				MTL_ENABLE_DEBUG_INFO = INCLUDE_SOURCE;
				MTL_FAST_MATH = YES;
				ONLY_ACTIVE_ARCH = YES;
				SDKROOT = iphoneos;
				SWIFT_ACTIVE_COMPILATION_CONDITIONS = "DEBUG $(inherited)";
				SWIFT_OPTIMIZATION_LEVEL = "-Onone";
			};
			name = Debug;
		};
		DB3A916B2F9EE18F00F9B729 /* Release */ = {
			isa = XCBuildConfiguration;
			buildSettings = {
				ALWAYS_SEARCH_USER_PATHS = NO;
				ASSETCATALOG_COMPILER_GENERATE_SWIFT_ASSET_SYMBOL_EXTENSIONS = YES;
				CLANG_ANALYZER_NONNULL = YES;
				CLANG_ANALYZER_NUMBER_OBJECT_CONVERSION = YES_AGGRESSIVE;
				CLANG_CXX_LANGUAGE_STANDARD = "gnu++20";
				CLANG_ENABLE_MODULES = YES;
				CLANG_ENABLE_OBJC_ARC = YES;
				CLANG_ENABLE_OBJC_WEAK = YES;
				CLANG_WARN_BLOCK_CAPTURE_AUTORELEASING = YES;
				CLANG_WARN_BOOL_CONVERSION = YES;
				CLANG_WARN_COMMA = YES;
				CLANG_WARN_CONSTANT_CONVERSION = YES;
				CLANG_WARN_DEPRECATED_OBJC_IMPLEMENTATIONS = YES;
				CLANG_WARN_DIRECT_OBJC_ISA_USAGE = YES_ERROR;
				CLANG_WARN_DOCUMENTATION_COMMENTS = YES;
				CLANG_WARN_EMPTY_BODY = YES;
				CLANG_WARN_ENUM_CONVERSION = YES;
				CLANG_WARN_INFINITE_RECURSION = YES;
				CLANG_WARN_INT_CONVERSION = YES;
				CLANG_WARN_NON_LITERAL_NULL_CONVERSION = YES;
				CLANG_WARN_OBJC_IMPLICIT_RETAIN_SELF = YES;
				CLANG_WARN_OBJC_LITERAL_CONVERSION = YES;
				CLANG_WARN_OBJC_ROOT_CLASS = YES_ERROR;
				CLANG_WARN_QUOTED_INCLUDE_IN_FRAMEWORK_HEADER = YES;
				CLANG_WARN_RANGE_LOOP_ANALYSIS = YES;
				CLANG_WARN_STRICT_PROTOTYPES = YES;
				CLANG_WARN_SUSPICIOUS_MOVE = YES;
				CLANG_WARN_UNGUARDED_AVAILABILITY = YES_AGGRESSIVE;
				CLANG_WARN_UNREACHABLE_CODE = YES;
				CLANG_WARN__DUPLICATE_METHOD_MATCH = YES;
				COPY_PHASE_STRIP = NO;
				DEBUG_INFORMATION_FORMAT = "dwarf-with-dsym";
				DEVELOPMENT_TEAM = JGNGM4YRX5;
				ENABLE_NS_ASSERTIONS = NO;
				ENABLE_STRICT_OBJC_MSGSEND = YES;
				ENABLE_USER_SCRIPT_SANDBOXING = YES;
				GCC_C_LANGUAGE_STANDARD = gnu17;
				GCC_NO_COMMON_BLOCKS = YES;
				GCC_WARN_64_TO_32_BIT_CONVERSION = YES;
				GCC_WARN_ABOUT_RETURN_TYPE = YES_ERROR;
				GCC_WARN_UNDECLARED_SELECTOR = YES;
				GCC_WARN_UNINITIALIZED_AUTOS = YES_AGGRESSIVE;
				GCC_WARN_UNUSED_FUNCTION = YES;
				GCC_WARN_UNUSED_VARIABLE = YES;
				IPHONEOS_DEPLOYMENT_TARGET = 26.2;
				LOCALIZATION_PREFERS_STRING_CATALOGS = YES;
				MTL_ENABLE_DEBUG_INFO = NO;
				MTL_FAST_MATH = YES;
				SDKROOT = iphoneos;
				SWIFT_COMPILATION_MODE = wholemodule;
				VALIDATE_PRODUCT = YES;
			};
			name = Release;
		};
		DB3A916D2F9EE18F00F9B729 /* Debug */ = {
			isa = XCBuildConfiguration;
			buildSettings = {
				ASSETCATALOG_COMPILER_APPICON_NAME = AppIcon;
				ASSETCATALOG_COMPILER_GLOBAL_ACCENT_COLOR_NAME = AccentColor;
				CODE_SIGN_ENTITLEMENTS = SupportFiles/Outbound.entitlements;
				CODE_SIGN_STYLE = Automatic;
				CURRENT_PROJECT_VERSION = 1;
				DEVELOPMENT_TEAM = JGNGM4YRX5;
				ENABLE_PREVIEWS = YES;
				GENERATE_INFOPLIST_FILE = NO;
				INFOPLIST_FILE = SupportFiles/Info.plist;
				INFOPLIST_KEY_UIApplicationSceneManifest_Generation = YES;
				INFOPLIST_KEY_UIApplicationSupportsIndirectInputEvents = YES;
				INFOPLIST_KEY_UILaunchScreen_Generation = YES;
				INFOPLIST_KEY_UISupportedInterfaceOrientations_iPad = "UIInterfaceOrientationPortrait UIInterfaceOrientationPortraitUpsideDown UIInterfaceOrientationLandscapeLeft UIInterfaceOrientationLandscapeRight";
				INFOPLIST_KEY_UISupportedInterfaceOrientations_iPhone = "UIInterfaceOrientationPortrait UIInterfaceOrientationLandscapeLeft UIInterfaceOrientationLandscapeRight";
				LD_RUNPATH_SEARCH_PATHS = (
					"$(inherited)",
					"@executable_path/Frameworks",
				);
				MARKETING_VERSION = 1.0;
				PRODUCT_BUNDLE_IDENTIFIER = xhstudio.Outbound;
				PRODUCT_NAME = "$(TARGET_NAME)";
				STRING_CATALOG_GENERATE_SYMBOLS = YES;
				SWIFT_APPROACHABLE_CONCURRENCY = YES;
				SWIFT_DEFAULT_ACTOR_ISOLATION = MainActor;
				SWIFT_EMIT_LOC_STRINGS = YES;
				SWIFT_UPCOMING_FEATURE_MEMBER_IMPORT_VISIBILITY = YES;
				SWIFT_VERSION = 5.0;
				TARGETED_DEVICE_FAMILY = "1,2";
			};
			name = Debug;
		};
		DB3A916E2F9EE18F00F9B729 /* Release */ = {
			isa = XCBuildConfiguration;
			buildSettings = {
				ASSETCATALOG_COMPILER_APPICON_NAME = AppIcon;
				ASSETCATALOG_COMPILER_GLOBAL_ACCENT_COLOR_NAME = AccentColor;
				CODE_SIGN_ENTITLEMENTS = SupportFiles/Outbound.entitlements;
				CODE_SIGN_STYLE = Automatic;
				CURRENT_PROJECT_VERSION = 1;
				DEVELOPMENT_TEAM = JGNGM4YRX5;
				ENABLE_PREVIEWS = YES;
				GENERATE_INFOPLIST_FILE = NO;
				INFOPLIST_FILE = SupportFiles/Info.plist;
				INFOPLIST_KEY_UIApplicationSceneManifest_Generation = YES;
				INFOPLIST_KEY_UIApplicationSupportsIndirectInputEvents = YES;
				INFOPLIST_KEY_UILaunchScreen_Generation = YES;
				INFOPLIST_KEY_UISupportedInterfaceOrientations_iPad = "UIInterfaceOrientationPortrait UIInterfaceOrientationPortraitUpsideDown UIInterfaceOrientationLandscapeLeft UIInterfaceOrientationLandscapeRight";
				INFOPLIST_KEY_UISupportedInterfaceOrientations_iPhone = "UIInterfaceOrientationPortrait UIInterfaceOrientationLandscapeLeft UIInterfaceOrientationLandscapeRight";
				LD_RUNPATH_SEARCH_PATHS = (
					"$(inherited)",
					"@executable_path/Frameworks",
				);
				MARKETING_VERSION = 1.0;
				PRODUCT_BUNDLE_IDENTIFIER = xhstudio.Outbound;
				PRODUCT_NAME = "$(TARGET_NAME)";
				STRING_CATALOG_GENERATE_SYMBOLS = YES;
				SWIFT_APPROACHABLE_CONCURRENCY = YES;
				SWIFT_DEFAULT_ACTOR_ISOLATION = MainActor;
				SWIFT_EMIT_LOC_STRINGS = YES;
				SWIFT_UPCOMING_FEATURE_MEMBER_IMPORT_VISIBILITY = YES;
				SWIFT_VERSION = 5.0;
				TARGETED_DEVICE_FAMILY = "1,2";
			};
			name = Release;
		};
		DB3A91702F9EE18F00F9B729 /* Debug */ = {
			isa = XCBuildConfiguration;
			buildSettings = {
				BUNDLE_LOADER = "$(TEST_HOST)";
				CODE_SIGN_STYLE = Automatic;
				CURRENT_PROJECT_VERSION = 1;
				DEVELOPMENT_TEAM = JGNGM4YRX5;
				GENERATE_INFOPLIST_FILE = YES;
				IPHONEOS_DEPLOYMENT_TARGET = 26.2;
				MARKETING_VERSION = 1.0;
				PRODUCT_BUNDLE_IDENTIFIER = xhstudio.OutboundTests;
				PRODUCT_NAME = "$(TARGET_NAME)";
				STRING_CATALOG_GENERATE_SYMBOLS = NO;
				SWIFT_APPROACHABLE_CONCURRENCY = YES;
				SWIFT_EMIT_LOC_STRINGS = NO;
				SWIFT_UPCOMING_FEATURE_MEMBER_IMPORT_VISIBILITY = YES;
				SWIFT_VERSION = 5.0;
				TARGETED_DEVICE_FAMILY = "1,2";
				TEST_HOST = "$(BUILT_PRODUCTS_DIR)/Outbound.app/$(BUNDLE_EXECUTABLE_FOLDER_PATH)/Outbound";
			};
			name = Debug;
		};
		DB3A91712F9EE18F00F9B729 /* Release */ = {
			isa = XCBuildConfiguration;
			buildSettings = {
				BUNDLE_LOADER = "$(TEST_HOST)";
				CODE_SIGN_STYLE = Automatic;
				CURRENT_PROJECT_VERSION = 1;
				DEVELOPMENT_TEAM = JGNGM4YRX5;
				GENERATE_INFOPLIST_FILE = YES;
				IPHONEOS_DEPLOYMENT_TARGET = 26.2;
				MARKETING_VERSION = 1.0;
				PRODUCT_BUNDLE_IDENTIFIER = xhstudio.OutboundTests;
				PRODUCT_NAME = "$(TARGET_NAME)";
				STRING_CATALOG_GENERATE_SYMBOLS = NO;
				SWIFT_APPROACHABLE_CONCURRENCY = YES;
				SWIFT_EMIT_LOC_STRINGS = NO;
				SWIFT_UPCOMING_FEATURE_MEMBER_IMPORT_VISIBILITY = YES;
				SWIFT_VERSION = 5.0;
				TARGETED_DEVICE_FAMILY = "1,2";
				TEST_HOST = "$(BUILT_PRODUCTS_DIR)/Outbound.app/$(BUNDLE_EXECUTABLE_FOLDER_PATH)/Outbound";
			};
			name = Release;
		};
		DB3A91732F9EE18F00F9B729 /* Debug */ = {
			isa = XCBuildConfiguration;
			buildSettings = {
				CODE_SIGN_STYLE = Automatic;
				CURRENT_PROJECT_VERSION = 1;
				DEVELOPMENT_TEAM = JGNGM4YRX5;
				GENERATE_INFOPLIST_FILE = YES;
				MARKETING_VERSION = 1.0;
				PRODUCT_BUNDLE_IDENTIFIER = xhstudio.OutboundUITests;
				PRODUCT_NAME = "$(TARGET_NAME)";
				STRING_CATALOG_GENERATE_SYMBOLS = NO;
				SWIFT_APPROACHABLE_CONCURRENCY = YES;
				SWIFT_EMIT_LOC_STRINGS = NO;
				SWIFT_UPCOMING_FEATURE_MEMBER_IMPORT_VISIBILITY = YES;
				SWIFT_VERSION = 5.0;
				TARGETED_DEVICE_FAMILY = "1,2";
				TEST_TARGET_NAME = Outbound;
			};
			name = Debug;
		};
		DB3A91742F9EE18F00F9B729 /* Release */ = {
			isa = XCBuildConfiguration;
			buildSettings = {
				CODE_SIGN_STYLE = Automatic;
				CURRENT_PROJECT_VERSION = 1;
				DEVELOPMENT_TEAM = JGNGM4YRX5;
				GENERATE_INFOPLIST_FILE = YES;
				MARKETING_VERSION = 1.0;
				PRODUCT_BUNDLE_IDENTIFIER = xhstudio.OutboundUITests;
				PRODUCT_NAME = "$(TARGET_NAME)";
				STRING_CATALOG_GENERATE_SYMBOLS = NO;
				SWIFT_APPROACHABLE_CONCURRENCY = YES;
				SWIFT_EMIT_LOC_STRINGS = NO;
				SWIFT_UPCOMING_FEATURE_MEMBER_IMPORT_VISIBILITY = YES;
				SWIFT_VERSION = 5.0;
				TARGETED_DEVICE_FAMILY = "1,2";
				TEST_TARGET_NAME = Outbound;
			};
			name = Release;
		};
/* End XCBuildConfiguration section */

/* Begin XCConfigurationList section */
		DB3A91442F9EE18E00F9B729 /* Build configuration list for PBXProject "Outbound" */ = {
			isa = XCConfigurationList;
			buildConfigurations = (
				DB3A916A2F9EE18F00F9B729 /* Debug */,
				DB3A916B2F9EE18F00F9B729 /* Release */,
			);
			defaultConfigurationIsVisible = 0;
			defaultConfigurationName = Release;
		};
		DB3A916C2F9EE18F00F9B729 /* Build configuration list for PBXNativeTarget "Outbound" */ = {
			isa = XCConfigurationList;
			buildConfigurations = (
				DB3A916D2F9EE18F00F9B729 /* Debug */,
				DB3A916E2F9EE18F00F9B729 /* Release */,
			);
			defaultConfigurationIsVisible = 0;
			defaultConfigurationName = Release;
		};
		DB3A916F2F9EE18F00F9B729 /* Build configuration list for PBXNativeTarget "OutboundTests" */ = {
			isa = XCConfigurationList;
			buildConfigurations = (
				DB3A91702F9EE18F00F9B729 /* Debug */,
				DB3A91712F9EE18F00F9B729 /* Release */,
			);
			defaultConfigurationIsVisible = 0;
			defaultConfigurationName = Release;
		};
		DB3A91722F9EE18F00F9B729 /* Build configuration list for PBXNativeTarget "OutboundUITests" */ = {
			isa = XCConfigurationList;
			buildConfigurations = (
				DB3A91732F9EE18F00F9B729 /* Debug */,
				DB3A91742F9EE18F00F9B729 /* Release */,
			);
			defaultConfigurationIsVisible = 0;
			defaultConfigurationName = Release;
		};
/* End XCConfigurationList section */

/* Begin XCRemoteSwiftPackageReference section */
		AB0000012F9EE18E00F9B729 /* XCRemoteSwiftPackageReference "firebase-ios-sdk" */ = {
			isa = XCRemoteSwiftPackageReference;
			repositoryURL = "https://github.com/firebase/firebase-ios-sdk";
			requirement = {
				kind = upToNextMajorVersion;
				minimumVersion = 11.0.0;
			};
		};
/* End XCRemoteSwiftPackageReference section */

/* Begin XCSwiftPackageProductDependency section */
		AB0000022F9EE18E00F9B729 /* FirebaseCore */ = {
			isa = XCSwiftPackageProductDependency;
			package = AB0000012F9EE18E00F9B729 /* XCRemoteSwiftPackageReference "firebase-ios-sdk" */;
			productName = FirebaseCore;
		};
		AB0000032F9EE18E00F9B729 /* FirebaseAuth */ = {
			isa = XCSwiftPackageProductDependency;
			package = AB0000012F9EE18E00F9B729 /* XCRemoteSwiftPackageReference "firebase-ios-sdk" */;
			productName = FirebaseAuth;
		};
/* End XCSwiftPackageProductDependency section */
	};
	rootObject = DB3A91412F9EE18E00F9B729 /* Project object */;
}
